
Microsoft Visual Studio Solution File, Format Version 12.00
# Visual Studio Version 17
VisualStudioVersion = 17.13.35825.156 d17.13
MinimumVisualStudioVersion = 10.0.40219.1
Project("{FAE04EC0-301F-11D3-BF4B-00C04F79EFBC}") = "CarShop.WepApi", "CarShop.WepApi\CarShop.WepApi.csproj", "{64019812-DA8A-45DD-8F59-CD1F63B55822}"
EndProject
Project("{FAE04EC0-301F-11D3-BF4B-00C04F79EFBC}") = "CarShop.Business", "CarShop.Business\CarShop.Business.csproj", "{9AB222CB-D071-4B6A-B5D3-6639C9DAEC04}"
EndProject
Project("{FAE04EC0-301F-11D3-BF4B-00C04F79EFBC}") = "CarShop.Entities", "CarShop.Entities\CarShop.Entities.csproj", "{80997DDB-7403-47B3-B535-BCC09B4906F4}"
EndProject
Project("{FAE04EC0-301F-11D3-BF4B-00C04F79EFBC}") = "CarShop.Core", "CarShop.Core\CarShop.Core.csproj", "{3181DCC3-0AC6-490D-BF80-7A00BEA601F8}"
EndProject
Project("{FAE04EC0-301F-11D3-BF4B-00C04F79EFBC}") = "CarShop.DataAccess", "CarShop.DataAccess\CarShop.DataAccess.csproj", "{A07E12FF-13F5-4A36-9BB1-BB1CAD9F889A}"
EndProject
Global
	GlobalSection(SolutionConfigurationPlatforms) = preSolution
		Debug|Any CPU = Debug|Any CPU
		Release|Any CPU = Release|Any CPU
	EndGlobalSection
	GlobalSection(ProjectConfigurationPlatforms) = postSolution
		{64019812-DA8A-45DD-8F59-CD1F63B55822}.Debug|Any CPU.ActiveCfg = Debug|Any CPU
		{64019812-DA8A-45DD-8F59-CD1F63B55822}.Debug|Any CPU.Build.0 = Debug|Any CPU
		{64019812-DA8A-45DD-8F59-CD1F63B55822}.Release|Any CPU.ActiveCfg = Release|Any CPU
		{64019812-DA8A-45DD-8F59-CD1F63B55822}.Release|Any CPU.Build.0 = Release|Any CPU
		{9AB222CB-D071-4B6A-B5D3-6639C9DAEC04}.Debug|Any CPU.ActiveCfg = Debug|Any CPU
		{9AB222CB-D071-4B6A-B5D3-6639C9DAEC04}.Debug|Any CPU.Build.0 = Debug|Any CPU
		{9AB222CB-D071-4B6A-B5D3-6639C9DAEC04}.Release|Any CPU.ActiveCfg = Release|Any CPU
		{9AB222CB-D071-4B6A-B5D3-6639C9DAEC04}.Release|Any CPU.Build.0 = Release|Any CPU
		{80997DDB-7403-47B3-B535-BCC09B4906F4}.Debug|Any CPU.ActiveCfg = Debug|Any CPU
		{80997DDB-7403-47B3-B535-BCC09B4906F4}.Debug|Any CPU.Build.0 = Debug|Any CPU
		{80997DDB-7403-47B3-B535-BCC09B4906F4}.Release|Any CPU.ActiveCfg = Release|Any CPU
		{80997DDB-7403-47B3-B535-BCC09B4906F4}.Release|Any CPU.Build.0 = Release|Any CPU
		{3181DCC3-0AC6-490D-BF80-7A00BEA601F8}.Debug|Any CPU.ActiveCfg = Debug|Any CPU
		{3181DCC3-0AC6-490D-BF80-7A00BEA601F8}.Debug|Any CPU.Build.0 = Debug|Any CPU
		{3181DCC3-0AC6-490D-BF80-7A00BEA601F8}.Release|Any CPU.ActiveCfg = Release|Any CPU
		{3181DCC3-0AC6-490D-BF80-7A00BEA601F8}.Release|Any CPU.Build.0 = Release|Any CPU
		{A07E12FF-13F5-4A36-9BB1-BB1CAD9F889A}.Debug|Any CPU.ActiveCfg = Debug|Any CPU
		{A07E12FF-13F5-4A36-9BB1-BB1CAD9F889A}.Debug|Any CPU.Build.0 = Debug|Any CPU
		{A07E12FF-13F5-4A36-9BB1-BB1CAD9F889A}.Release|Any CPU.ActiveCfg = Release|Any CPU
		{A07E12FF-13F5-4A36-9BB1-BB1CAD9F889A}.Release|Any CPU.Build.0 = Release|Any CPU
	EndGlobalSection
	GlobalSection(SolutionProperties) = preSolution
		HideSolutionNode = FALSE
	EndGlobalSection
	GlobalSection(ExtensibilityGlobals) = postSolution
		SolutionGuid = {32536EA1-2F1D-4B8E-8BD8-41952CE92253}
	EndGlobalSection
EndGlobal
